// !$*UTF8*$!
{
	archiveVersion = 1;
	classes = {
	};
	objectVersion = 56;
	objects = {

/* Begin PBXBuildFile section */
		C1E6DD19C20178A267A54160 /* Pods_PhoneAuth.framework in Frameworks */ = {isa = PBXBuildFile; fileRef = 874415B60AC479583B07F9E6 /* Pods_PhoneAuth.framework */; };
		D74C523E2C0F1D2A0052D2FF /* AppDelegate.swift in Sources */ = {isa = PBXBuildFile; fileRef = D74C523D2C0F1D2A0052D2FF /* AppDelegate.swift */; };
		D74C52402C0F1D2A0052D2FF /* SceneDelegate.swift in Sources */ = {isa = PBXBuildFile; fileRef = D74C523F2C0F1D2A0052D2FF /* SceneDelegate.swift */; };
		D74C52422C0F1D2A0052D2FF /* ViewController.swift in Sources */ = {isa = PBXBuildFile; fileRef = D74C52412C0F1D2A0052D2FF /* ViewController.swift */; };
		D74C52452C0F1D2A0052D2FF /* Base in Resources */ = {isa = PBXBuildFile; fileRef = D74C52442C0F1D2A0052D2FF /* Base */; };
		D74C52472C0F1D2C0052D2FF /* Assets.xcassets in Resources */ = {isa = PBXBuildFile; fileRef = D74C52462C0F1D2C0052D2FF /* Assets.xcassets */; };
		D74C524A2C0F1D2C0052D2FF /* Base in Resources */ = {isa = PBXBuildFile; fileRef = D74C52492C0F1D2C0052D2FF /* Base */; };
		D74C52522C0F21480052D2FF /* GoogleService-Info-2.plist in Resources */ = {isa = PBXBuildFile; fileRef = D74C52512C0F21480052D2FF /* GoogleService-Info-2.plist */; };
		D74C52542C0F21AE0052D2FF /* AuthManager.swift in Sources */ = {isa = PBXBuildFile; fileRef = D74C52532C0F21AE0052D2FF /* AuthManager.swift */; };
/* End PBXBuildFile section */

/* Begin PBXFileReference section */
		19AA78B1EEB40FBC5242F2E2 /* Pods-PhoneAuth.debug.xcconfig */ = {isa = PBXFileReference; includeInIndex = 1; lastKnownFileType = text.xcconfig; name = "Pods-PhoneAuth.debug.xcconfig"; path = "Target Support Files/Pods-PhoneAuth/Pods-PhoneAuth.debug.xcconfig"; sourceTree = "<group>"; };
		874415B60AC479583B07F9E6 /* Pods_PhoneAuth.framework */ = {isa = PBXFileReference; explicitFileType = wrapper.framework; includeInIndex = 0; path = Pods_PhoneAuth.framework; sourceTree = BUILT_PRODUCTS_DIR; };
		D74C523A2C0F1D2A0052D2FF /* PhoneAuth.app */ = {isa = PBXFileReference; explicitFileType = wrapper.application; includeInIndex = 0; path = PhoneAuth.app; sourceTree = BUILT_PRODUCTS_DIR; };
		D74C523D2C0F1D2A0052D2FF /* AppDelegate.swift */ = {isa = PBXFileReference; lastKnownFileType = sourcecode.swift; path = AppDelegate.swift; sourceTree = "<group>"; };
		D74C523F2C0F1D2A0052D2FF /* SceneDelegate.swift */ = {isa = PBXFileReference; lastKnownFileType = sourcecode.swift; path = SceneDelegate.swift; sourceTree = "<group>"; };
		D74C52412C0F1D2A0052D2FF /* ViewController.swift */ = {isa = PBXFileReference; lastKnownFileType = sourcecode.swift; path = ViewController.swift; sourceTree = "<group>"; };
		D74C52442C0F1D2A0052D2FF /* Base */ = {isa = PBXFileReference; lastKnownFileType = file.storyboard; name = Base; path = Base.lproj/Main.storyboard; sourceTree = "<group>"; };
		D74C52462C0F1D2C0052D2FF /* Assets.xcassets */ = {isa = PBXFileReference; lastKnownFileType = folder.assetcatalog; path = Assets.xcassets; sourceTree = "<group>"; };
		D74C52492C0F1D2C0052D2FF /* Base */ = {isa = PBXFileReference; lastKnownFileType = file.storyboard; name = Base; path = Base.lproj/LaunchScreen.storyboard; sourceTree = "<group>"; };
		D74C524B2C0F1D2C0052D2FF /* Info.plist */ = {isa = PBXFileReference; lastKnownFileType = text.plist.xml; path = Info.plist; sourceTree = "<group>"; };
		D74C52512C0F21480052D2FF /* GoogleService-Info-2.plist */ = {isa = PBXFileReference; fileEncoding = 4; lastKnownFileType = text.plist.xml; path = "GoogleService-Info-2.plist"; sourceTree = "<group>"; };
		D74C52532C0F21AE0052D2FF /* AuthManager.swift */ = {isa = PBXFileReference; lastKnownFileType = sourcecode.swift; path = AuthManager.swift; sourceTree = "<group>"; };
		F2A1FE8B6754EBDA477B1748 /* Pods-PhoneAuth.release.xcconfig */ = {isa = PBXFileReference; includeInIndex = 1; lastKnownFileType = text.xcconfig; name = "Pods-PhoneAuth.release.xcconfig"; path = "Target Support Files/Pods-PhoneAuth/Pods-PhoneAuth.release.xcconfig"; sourceTree = "<group>"; };
/* End PBXFileReference section */

/* Begin PBXFrameworksBuildPhase section */
		D74C52372C0F1D2A0052D2FF /* Frameworks */ = {
			isa = PBXFrameworksBuildPhase;
			buildActionMask = 2147483647;
			files = (
				C1E6DD19C20178A267A54160 /* Pods_PhoneAuth.framework in Frameworks */,
			);
			runOnlyForDeploymentPostprocessing = 0;
		};
/* End PBXFrameworksBuildPhase section */

/* Begin PBXGroup section */
		59962F36653F4B554D92DEDB /* Pods */ = {
			isa = PBXGroup;
			children = (
				19AA78B1EEB40FBC5242F2E2 /* Pods-PhoneAuth.debug.xcconfig */,
				F2A1FE8B6754EBDA477B1748 /* Pods-PhoneAuth.release.xcconfig */,
			);
			path = Pods;
			sourceTree = "<group>";
		};
		5FA49767292AE78B3C1BE64D /* Frameworks */ = {
			isa = PBXGroup;
			children = (
				874415B60AC479583B07F9E6 /* Pods_PhoneAuth.framework */,
			);
			name = Frameworks;
			sourceTree = "<group>";
		};
		D74C52312C0F1D2A0052D2FF = {
			isa = PBXGroup;
			children = (
				D74C523C2C0F1D2A0052D2FF /* PhoneAuth */,
				D74C523B2C0F1D2A0052D2FF /* Products */,
				59962F36653F4B554D92DEDB /* Pods */,
				5FA49767292AE78B3C1BE64D /* Frameworks */,
			);
			sourceTree = "<group>";
		};
		D74C523B2C0F1D2A0052D2FF /* Products */ = {
			isa = PBXGroup;
			children = (
				D74C523A2C0F1D2A0052D2FF /* PhoneAuth.app */,
			);
			name = Products;
			sourceTree = "<group>";
		};
		D74C523C2C0F1D2A0052D2FF /* PhoneAuth */ = {
			isa = PBXGroup;
			children = (
				D74C52512C0F21480052D2FF /* GoogleService-Info-2.plist */,
				D74C523D2C0F1D2A0052D2FF /* AppDelegate.swift */,
				D74C523F2C0F1D2A0052D2FF /* SceneDelegate.swift */,
				D74C52412C0F1D2A0052D2FF /* ViewController.swift */,
				D74C52432C0F1D2A0052D2FF /* Main.storyboard */,
				D74C52462C0F1D2C0052D2FF /* Assets.xcassets */,
				D74C52482C0F1D2C0052D2FF /* LaunchScreen.storyboard */,
				D74C524B2C0F1D2C0052D2FF /* Info.plist */,
				D74C52532C0F21AE0052D2FF /* AuthManager.swift */,
			);
			path = PhoneAuth;
			sourceTree = "<group>";
		};
/* End PBXGroup section */

/* Begin PBXNativeTarget section */
		D74C52392C0F1D2A0052D2FF /* PhoneAuth */ = {
			isa = PBXNativeTarget;
			buildConfigurationList = D74C524E2C0F1D2C0052D2FF /* Build configuration list for PBXNativeTarget "PhoneAuth" */;
			buildPhases = (
				C23C7219F05B8CE6849A8A6A /* [CP] Check Pods Manifest.lock */,
				D74C52362C0F1D2A0052D2FF /* Sources */,
				D74C52372C0F1D2A0052D2FF /* Frameworks */,
				D74C52382C0F1D2A0052D2FF /* Resources */,
				429C92B185EAA80D5E46E9CE /* [CP] Embed Pods Frameworks */,
			);
			buildRules = (
			);
			dependencies = (
			);
			name = PhoneAuth;
			productName = PhoneAuth;
			productReference = D74C523A2C0F1D2A0052D2FF /* PhoneAuth.app */;
			productType = "com.apple.product-type.application";
		};
/* End PBXNativeTarget section */

/* Begin PBXProject section */
		D74C52322C0F1D2A0052D2FF /* Project object */ = {
			isa = PBXProject;
			attributes = {
				BuildIndependentTargetsInParallel = 1;
				LastSwiftUpdateCheck = 1530;
				LastUpgradeCheck = 1530;
				TargetAttributes = {
					D74C52392C0F1D2A0052D2FF = {
						CreatedOnToolsVersion = 15.3;
					};
				};
			};
			buildConfigurationList = D74C52352C0F1D2A0052D2FF /* Build configuration list for PBXProject "PhoneAuth" */;
			compatibilityVersion = "Xcode 14.0";
			developmentRegion = en;
			hasScannedForEncodings = 0;
			knownRegions = (
				en,
				Base,
			);
			mainGroup = D74C52312C0F1D2A0052D2FF;
			productRefGroup = D74C523B2C0F1D2A0052D2FF /* Products */;
			projectDirPath = "";
			projectRoot = "";
			targets = (
				D74C52392C0F1D2A0052D2FF /* PhoneAuth */,
			);
		};
/* End PBXProject section */

/* Begin PBXResourcesBuildPhase section */
		D74C52382C0F1D2A0052D2FF /* Resources */ = {
			isa = PBXResourcesBuildPhase;
			buildActionMask = 2147483647;
			files = (
				D74C52472C0F1D2C0052D2FF /* Assets.xcassets in Resources */,
				D74C524A2C0F1D2C0052D2FF /* Base in Resources */,
				D74C52522C0F21480052D2FF /* GoogleService-Info-2.plist in Resources */,
				D74C52452C0F1D2A0052D2FF /* Base in Resources */,
			);
			runOnlyForDeploymentPostprocessing = 0;
		};
/* End PBXResourcesBuildPhase section */

/* Begin PBXShellScriptBuildPhase section */
		429C92B185EAA80D5E46E9CE /* [CP] Embed Pods Frameworks */ = {
			isa = PBXShellScriptBuildPhase;
			buildActionMask = 2147483647;
			files = (
			);
			inputFileListPaths = (
				"${PODS_ROOT}/Target Support Files/Pods-PhoneAuth/Pods-PhoneAuth-frameworks-${CONFIGURATION}-input-files.xcfilelist",
			);
			name = "[CP] Embed Pods Frameworks";
			outputFileListPaths = (
				"${PODS_ROOT}/Target Support Files/Pods-PhoneAuth/Pods-PhoneAuth-frameworks-${CONFIGURATION}-output-files.xcfilelist",
			);
			runOnlyForDeploymentPostprocessing = 0;
			shellPath = /bin/sh;
			shellScript = "\"${PODS_ROOT}/Target Support Files/Pods-PhoneAuth/Pods-PhoneAuth-frameworks.sh\"\n";
			showEnvVarsInLog = 0;
		};
		C23C7219F05B8CE6849A8A6A /* [CP] Check Pods Manifest.lock */ = {
			isa = PBXShellScriptBuildPhase;
			buildActionMask = 2147483647;
			files = (
			);
			inputFileListPaths = (
			);
			inputPaths = (
				"${PODS_PODFILE_DIR_PATH}/Podfile.lock",
				"${PODS_ROOT}/Manifest.lock",
			);
			name = "[CP] Check Pods Manifest.lock";
			outputFileListPaths = (
			);
			outputPaths = (
				"$(DERIVED_FILE_DIR)/Pods-PhoneAuth-checkManifestLockResult.txt",
			);
			runOnlyForDeploymentPostprocessing = 0;
			shellPath = /bin/sh;
			shellScript = "diff \"${PODS_PODFILE_DIR_PATH}/Podfile.lock\" \"${PODS_ROOT}/Manifest.lock\" > /dev/null\nif [ $? != 0 ] ; then\n    # print error to STDERR\n    echo \"error: The sandbox is not in sync with the Podfile.lock. Run 'pod install' or update your CocoaPods installation.\" >&2\n    exit 1\nfi\n# This output is used by Xcode 'outputs' to avoid re-running this script phase.\necho \"SUCCESS\" > \"${SCRIPT_OUTPUT_FILE_0}\"\n";
			showEnvVarsInLog = 0;
		};
/* End PBXShellScriptBuildPhase section */

/* Begin PBXSourcesBuildPhase section */
		D74C52362C0F1D2A0052D2FF /* Sources */ = {
			isa = PBXSourcesBuildPhase;
			buildActionMask = 2147483647;
			files = (
				D74C52422C0F1D2A0052D2FF /* ViewController.swift in Sources */,
				D74C52542C0F21AE0052D2FF /* AuthManager.swift in Sources */,
				D74C523E2C0F1D2A0052D2FF /* AppDelegate.swift in Sources */,
				D74C52402C0F1D2A0052D2FF /* SceneDelegate.swift in Sources */,
			);
			runOnlyForDeploymentPostprocessing = 0;
		};
/* End PBXSourcesBuildPhase section */

/* Begin PBXVariantGroup section */
		D74C52432C0F1D2A0052D2FF /* Main.storyboard */ = {
			isa = PBXVariantGroup;
			children = (
				D74C52442C0F1D2A0052D2FF /* Base */,
			);
			name = Main.storyboard;
			sourceTree = "<group>";
		};
		D74C52482C0F1D2C0052D2FF /* LaunchScreen.storyboard */ = {
			isa = PBXVariantGroup;
			children = (
				D74C52492C0F1D2C0052D2FF /* Base */,
			);
			name = LaunchScreen.storyboard;
			sourceTree = "<group>";
		};
/* End PBXVariantGroup section */

/* Begin XCBuildConfiguration section */
		D74C524C2C0F1D2C0052D2FF /* Debug */ = {
			isa = XCBuildConfiguration;
			buildSettings = {
				ALWAYS_SEARCH_USER_PATHS = NO;
				ASSETCATALOG_COMPILER_GENERATE_SWIFT_ASSET_SYMBOL_EXTENSIONS = YES;
				CLANG_ANALYZER_NONNULL = YES;
				CLANG_ANALYZER_NUMBER_OBJECT_CONVERSION = YES_AGGRESSIVE;
				CLANG_CXX_LANGUAGE_STANDARD = "gnu++20";
				CLANG_ENABLE_MODULES = YES;
				CLANG_ENABLE_OBJC_ARC = YES;
				CLANG_ENABLE_OBJC_WEAK = YES;
				CLANG_WARN_BLOCK_CAPTURE_AUTORELEASING = YES;
				CLANG_WARN_BOOL_CONVERSION = YES;
				CLANG_WARN_COMMA = YES;
				CLANG_WARN_CONSTANT_CONVERSION = YES;
				CLANG_WARN_DEPRECATED_OBJC_IMPLEMENTATIONS = YES;
				CLANG_WARN_DIRECT_OBJC_ISA_USAGE = YES_ERROR;
				CLANG_WARN_DOCUMENTATION_COMMENTS = YES;
				CLANG_WARN_EMPTY_BODY = YES;
				CLANG_WARN_ENUM_CONVERSION = YES;
				CLANG_WARN_INFINITE_RECURSION = YES;
				CLANG_WARN_INT_CONVERSION = YES;
				CLANG_WARN_NON_LITERAL_NULL_CONVERSION = YES;
				CLANG_WARN_OBJC_IMPLICIT_RETAIN_SELF = YES;
				CLANG_WARN_OBJC_LITERAL_CONVERSION = YES;
				CLANG_WARN_OBJC_ROOT_CLASS = YES_ERROR;
				CLANG_WARN_QUOTED_INCLUDE_IN_FRAMEWORK_HEADER = YES;
				CLANG_WARN_RANGE_LOOP_ANALYSIS = YES;
				CLANG_WARN_STRICT_PROTOTYPES = YES;
				CLANG_WARN_SUSPICIOUS_MOVE = YES;
				CLANG_WARN_UNGUARDED_AVAILABILITY = YES_AGGRESSIVE;
				CLANG_WARN_UNREACHABLE_CODE = YES;
				CLANG_WARN__DUPLICATE_METHOD_MATCH = YES;
				COPY_PHASE_STRIP = NO;
				DEBUG_INFORMATION_FORMAT = dwarf;
				ENABLE_STRICT_OBJC_MSGSEND = YES;
				ENABLE_TESTABILITY = YES;
				ENABLE_USER_SCRIPT_SANDBOXING = YES;
				GCC_C_LANGUAGE_STANDARD = gnu17;
				GCC_DYNAMIC_NO_PIC = NO;
				GCC_NO_COMMON_BLOCKS = YES;
				GCC_OPTIMIZATION_LEVEL = 0;
				GCC_PREPROCESSOR_DEFINITIONS = (
					"DEBUG=1",
					"$(inherited)",
				);
				GCC_WARN_64_TO_32_BIT_CONVERSION = YES;
				GCC_WARN_ABOUT_RETURN_TYPE = YES_ERROR;
				GCC_WARN_UNDECLARED_SELECTOR = YES;
				GCC_WARN_UNINITIALIZED_AUTOS = YES_AGGRESSIVE;
				GCC_WARN_UNUSED_FUNCTION = YES;
				GCC_WARN_UNUSED_VARIABLE = YES;
				IPHONEOS_DEPLOYMENT_TARGET = 17.4;
				LOCALIZATION_PREFERS_STRING_CATALOGS = YES;
				MTL_ENABLE_DEBUG_INFO = INCLUDE_SOURCE;
				MTL_FAST_MATH = YES;
				ONLY_ACTIVE_ARCH = YES;
				SDKROOT = iphoneos;
				SWIFT_ACTIVE_COMPILATION_CONDITIONS = "DEBUG $(inherited)";
				SWIFT_OPTIMIZATION_LEVEL = "-Onone";
			};
			name = Debug;
		};
		D74C524D2C0F1D2C0052D2FF /* Release */ = {
			isa = XCBuildConfiguration;
			buildSettings = {
				ALWAYS_SEARCH_USER_PATHS = NO;
				ASSETCATALOG_COMPILER_GENERATE_SWIFT_ASSET_SYMBOL_EXTENSIONS = YES;
				CLANG_ANALYZER_NONNULL = YES;
				CLANG_ANALYZER_NUMBER_OBJECT_CONVERSION = YES_AGGRESSIVE;
				CLANG_CXX_LANGUAGE_STANDARD = "gnu++20";
				CLANG_ENABLE_MODULES = YES;
				CLANG_ENABLE_OBJC_ARC = YES;
				CLANG_ENABLE_OBJC_WEAK = YES;
				CLANG_WARN_BLOCK_CAPTURE_AUTORELEASING = YES;
				CLANG_WARN_BOOL_CONVERSION = YES;
				CLANG_WARN_COMMA = YES;
				CLANG_WARN_CONSTANT_CONVERSION = YES;
				CLANG_WARN_DEPRECATED_OBJC_IMPLEMENTATIONS = YES;
				CLANG_WARN_DIRECT_OBJC_ISA_USAGE = YES_ERROR;
				CLANG_WARN_DOCUMENTATION_COMMENTS = YES;
				CLANG_WARN_EMPTY_BODY = YES;
				CLANG_WARN_ENUM_CONVERSION = YES;
				CLANG_WARN_INFINITE_RECURSION = YES;
				CLANG_WARN_INT_CONVERSION = YES;
				CLANG_WARN_NON_LITERAL_NULL_CONVERSION = YES;
				CLANG_WARN_OBJC_IMPLICIT_RETAIN_SELF = YES;
				CLANG_WARN_OBJC_LITERAL_CONVERSION = YES;
				CLANG_WARN_OBJC_ROOT_CLASS = YES_ERROR;
				CLANG_WARN_QUOTED_INCLUDE_IN_FRAMEWORK_HEADER = YES;
				CLANG_WARN_RANGE_LOOP_ANALYSIS = YES;
				CLANG_WARN_STRICT_PROTOTYPES = YES;
				CLANG_WARN_SUSPICIOUS_MOVE = YES;
				CLANG_WARN_UNGUARDED_AVAILABILITY = YES_AGGRESSIVE;
				CLANG_WARN_UNREACHABLE_CODE = YES;
				CLANG_WARN__DUPLICATE_METHOD_MATCH = YES;
				COPY_PHASE_STRIP = NO;
				DEBUG_INFORMATION_FORMAT = "dwarf-with-dsym";
				ENABLE_NS_ASSERTIONS = NO;
				ENABLE_STRICT_OBJC_MSGSEND = YES;
				ENABLE_USER_SCRIPT_SANDBOXING = YES;
				GCC_C_LANGUAGE_STANDARD = gnu17;
				GCC_NO_COMMON_BLOCKS = YES;
				GCC_WARN_64_TO_32_BIT_CONVERSION = YES;
				GCC_WARN_ABOUT_RETURN_TYPE = YES_ERROR;
				GCC_WARN_UNDECLARED_SELECTOR = YES;
				GCC_WARN_UNINITIALIZED_AUTOS = YES_AGGRESSIVE;
				GCC_WARN_UNUSED_FUNCTION = YES;
				GCC_WARN_UNUSED_VARIABLE = YES;
				IPHONEOS_DEPLOYMENT_TARGET = 17.4;
				LOCALIZATION_PREFERS_STRING_CATALOGS = YES;
				MTL_ENABLE_DEBUG_INFO = NO;
				MTL_FAST_MATH = YES;
				SDKROOT = iphoneos;
				SWIFT_COMPILATION_MODE = wholemodule;
				VALIDATE_PRODUCT = YES;
			};
			name = Release;
		};
		D74C524F2C0F1D2C0052D2FF /* Debug */ = {
			isa = XCBuildConfiguration;
			baseConfigurationReference = 19AA78B1EEB40FBC5242F2E2 /* Pods-PhoneAuth.debug.xcconfig */;
			buildSettings = {
				ASSETCATALOG_COMPILER_APPICON_NAME = AppIcon;
				ASSETCATALOG_COMPILER_GLOBAL_ACCENT_COLOR_NAME = AccentColor;
				CODE_SIGN_STYLE = Automatic;
				CURRENT_PROJECT_VERSION = 1;
				DEVELOPMENT_TEAM = HDQUFL254V;
				GENERATE_INFOPLIST_FILE = YES;
				INFOPLIST_FILE = PhoneAuth/Info.plist;
				INFOPLIST_KEY_UIApplicationSupportsIndirectInputEvents = YES;
				INFOPLIST_KEY_UILaunchStoryboardName = LaunchScreen;
				INFOPLIST_KEY_UIMainStoryboardFile = Main;
				INFOPLIST_KEY_UISupportedInterfaceOrientations_iPad = "UIInterfaceOrientationPortrait UIInterfaceOrientationPortraitUpsideDown UIInterfaceOrientationLandscapeLeft UIInterfaceOrientationLandscapeRight";
				INFOPLIST_KEY_UISupportedInterfaceOrientations_iPhone = "UIInterfaceOrientationPortrait UIInterfaceOrientationLandscapeLeft UIInterfaceOrientationLandscapeRight";
				LD_RUNPATH_SEARCH_PATHS = (
					"$(inherited)",
					"@executable_path/Frameworks",
				);
				MARKETING_VERSION = 1.0;
				PRODUCT_BUNDLE_IDENTIFIER = my.com.PhoneAuth;
				PRODUCT_NAME = "$(TARGET_NAME)";
				SWIFT_EMIT_LOC_STRINGS = YES;
				SWIFT_VERSION = 5.0;
				TARGETED_DEVICE_FAMILY = "1,2";
			};
			name = Debug;
		};
		D74C52502C0F1D2C0052D2FF /* Release */ = {
			isa = XCBuildConfiguration;
			baseConfigurationReference = F2A1FE8B6754EBDA477B1748 /* Pods-PhoneAuth.release.xcconfig */;
			buildSettings = {
				ASSETCATALOG_COMPILER_APPICON_NAME = AppIcon;
				ASSETCATALOG_COMPILER_GLOBAL_ACCENT_COLOR_NAME = AccentColor;
				CODE_SIGN_STYLE = Automatic;
				CURRENT_PROJECT_VERSION = 1;
				DEVELOPMENT_TEAM = HDQUFL254V;
				GENERATE_INFOPLIST_FILE = YES;
				INFOPLIST_FILE = PhoneAuth/Info.plist;
				INFOPLIST_KEY_UIApplicationSupportsIndirectInputEvents = YES;
				INFOPLIST_KEY_UILaunchStoryboardName = LaunchScreen;
				INFOPLIST_KEY_UIMainStoryboardFile = Main;
				INFOPLIST_KEY_UISupportedInterfaceOrientations_iPad = "UIInterfaceOrientationPortrait UIInterfaceOrientationPortraitUpsideDown UIInterfaceOrientationLandscapeLeft UIInterfaceOrientationLandscapeRight";
				INFOPLIST_KEY_UISupportedInterfaceOrientations_iPhone = "UIInterfaceOrientationPortrait UIInterfaceOrientationLandscapeLeft UIInterfaceOrientationLandscapeRight";
				LD_RUNPATH_SEARCH_PATHS = (
					"$(inherited)",
					"@executable_path/Frameworks",
				);
				MARKETING_VERSION = 1.0;
				PRODUCT_BUNDLE_IDENTIFIER = my.com.PhoneAuth;
				PRODUCT_NAME = "$(TARGET_NAME)";
				SWIFT_EMIT_LOC_STRINGS = YES;
				SWIFT_VERSION = 5.0;
				TARGETED_DEVICE_FAMILY = "1,2";
			};
			name = Release;
		};
/* End XCBuildConfiguration section */

/* Begin XCConfigurationList section */
		D74C52352C0F1D2A0052D2FF /* Build configuration list for PBXProject "PhoneAuth" */ = {
			isa = XCConfigurationList;
			buildConfigurations = (
				D74C524C2C0F1D2C0052D2FF /* Debug */,
				D74C524D2C0F1D2C0052D2FF /* Release */,
			);
			defaultConfigurationIsVisible = 0;
			defaultConfigurationName = Release;
		};
		D74C524E2C0F1D2C0052D2FF /* Build configuration list for PBXNativeTarget "PhoneAuth" */ = {
			isa = XCConfigurationList;
			buildConfigurations = (
				D74C524F2C0F1D2C0052D2FF /* Debug */,
				D74C52502C0F1D2C0052D2FF /* Release */,
			);
			defaultConfigurationIsVisible = 0;
			defaultConfigurationName = Release;
		};
/* End XCConfigurationList section */
	};
	rootObject = D74C52322C0F1D2A0052D2FF /* Project object */;
}
